// !$*UTF8*$!
{
	archiveVersion = 1;
	classes = {
	};
	objectVersion = 51;
	objects = {

/* Begin PBXBuildFile section */
		8312BDB026774A710054E632 /* AppDelegate.swift in Sources */ = {isa = PBXBuildFile; fileRef = 8312BDAF26774A710054E632 /* AppDelegate.swift */; };
		8312BDB226774A710054E632 /* SceneDelegate.swift in Sources */ = {isa = PBXBuildFile; fileRef = 8312BDB126774A710054E632 /* SceneDelegate.swift */; };
		8312BDB726774A710054E632 /* Main.storyboard in Resources */ = {isa = PBXBuildFile; fileRef = 8312BDB526774A710054E632 /* Main.storyboard */; };
		8312BDB926774A740054E632 /* Assets.xcassets in Resources */ = {isa = PBXBuildFile; fileRef = 8312BDB826774A740054E632 /* Assets.xcassets */; };
		8312BDBC26774A740054E632 /* LaunchScreen.storyboard in Resources */ = {isa = PBXBuildFile; fileRef = 8312BDBA26774A740054E632 /* LaunchScreen.storyboard */; };
		8334ABB6267C4F0A00BDFA70 /* Chapter.swift in Sources */ = {isa = PBXBuildFile; fileRef = 8334ABB5267C4F0A00BDFA70 /* Chapter.swift */; };
		8334ABB8267C5C1E00BDFA70 /* Chapter.xib in Resources */ = {isa = PBXBuildFile; fileRef = 8334ABB7267C5C1E00BDFA70 /* Chapter.xib */; };
		83CC0CA1267913AC00ECA81F /* ViewController.swift in Sources */ = {isa = PBXBuildFile; fileRef = 83CC0CA0267913AC00ECA81F /* ViewController.swift */; };
		B99C7C034FE27CB92E84D13D /* Pods_MyTestApp.framework in Frameworks */ = {isa = PBXBuildFile; fileRef = A4BBE5C484EB95502A5851ED /* Pods_MyTestApp.framework */; };
/* End PBXBuildFile section */

/* Begin PBXFileReference section */
		8312BDAC26774A710054E632 /* MyTestApp.app */ = {isa = PBXFileReference; explicitFileType = wrapper.application; includeInIndex = 0; path = MyTestApp.app; sourceTree = BUILT_PRODUCTS_DIR; };
		8312BDAF26774A710054E632 /* AppDelegate.swift */ = {isa = PBXFileReference; lastKnownFileType = sourcecode.swift; path = AppDelegate.swift; sourceTree = "<group>"; };
		8312BDB126774A710054E632 /* SceneDelegate.swift */ = {isa = PBXFileReference; lastKnownFileType = sourcecode.swift; path = SceneDelegate.swift; sourceTree = "<group>"; };
		8312BDB626774A710054E632 /* Base */ = {isa = PBXFileReference; lastKnownFileType = file.storyboard; name = Base; path = Base.lproj/Main.storyboard; sourceTree = "<group>"; };
		8312BDB826774A740054E632 /* Assets.xcassets */ = {isa = PBXFileReference; lastKnownFileType = folder.assetcatalog; path = Assets.xcassets; sourceTree = "<group>"; };
		8312BDBB26774A740054E632 /* Base */ = {isa = PBXFileReference; lastKnownFileType = file.storyboard; name = Base; path = Base.lproj/LaunchScreen.storyboard; sourceTree = "<group>"; };
		8312BDBD26774A740054E632 /* Info.plist */ = {isa = PBXFileReference; lastKnownFileType = text.plist.xml; path = Info.plist; sourceTree = "<group>"; };
		8334ABB5267C4F0A00BDFA70 /* Chapter.swift */ = {isa = PBXFileReference; lastKnownFileType = sourcecode.swift; path = Chapter.swift; sourceTree = "<group>"; };
		8334ABB7267C5C1E00BDFA70 /* Chapter.xib */ = {isa = PBXFileReference; lastKnownFileType = file.xib; path = Chapter.xib; sourceTree = "<group>"; };
		83CC0CA0267913AC00ECA81F /* ViewController.swift */ = {isa = PBXFileReference; lastKnownFileType = sourcecode.swift; path = ViewController.swift; sourceTree = "<group>"; };
		A4BBE5C484EB95502A5851ED /* Pods_MyTestApp.framework */ = {isa = PBXFileReference; explicitFileType = wrapper.framework; includeInIndex = 0; path = Pods_MyTestApp.framework; sourceTree = BUILT_PRODUCTS_DIR; };
		BE634716BEAEAED7B62B8D9F /* Pods-MyTestApp.debug.xcconfig */ = {isa = PBXFileReference; includeInIndex = 1; lastKnownFileType = text.xcconfig; name = "Pods-MyTestApp.debug.xcconfig"; path = "Target Support Files/Pods-MyTestApp/Pods-MyTestApp.debug.xcconfig"; sourceTree = "<group>"; };
		CDBA926F9BC1F4822DA99810 /* Pods-MyTestApp.release.xcconfig */ = {isa = PBXFileReference; includeInIndex = 1; lastKnownFileType = text.xcconfig; name = "Pods-MyTestApp.release.xcconfig"; path = "Target Support Files/Pods-MyTestApp/Pods-MyTestApp.release.xcconfig"; sourceTree = "<group>"; };
/* End PBXFileReference section */

/* Begin PBXFrameworksBuildPhase section */
		8312BDA926774A710054E632 /* Frameworks */ = {
			isa = PBXFrameworksBuildPhase;
			buildActionMask = 2147483647;
			files = (
				B99C7C034FE27CB92E84D13D /* Pods_MyTestApp.framework in Frameworks */,
			);
			runOnlyForDeploymentPostprocessing = 0;
		};
/* End PBXFrameworksBuildPhase section */

/* Begin PBXGroup section */
		01D29DB8079D80A0332C3766 /* Frameworks */ = {
			isa = PBXGroup;
			children = (
				A4BBE5C484EB95502A5851ED /* Pods_MyTestApp.framework */,
			);
			name = Frameworks;
			sourceTree = "<group>";
		};
		8312BDA326774A710054E632 = {
			isa = PBXGroup;
			children = (
				8312BDAE26774A710054E632 /* MyTestApp */,
				8312BDAD26774A710054E632 /* Products */,
				83B37188267B6C0400C3CDED /* Widgets */,
				F666F55AAAC0767E0F84F245 /* Pods */,
				01D29DB8079D80A0332C3766 /* Frameworks */,
			);
			sourceTree = "<group>";
		};
		8312BDAD26774A710054E632 /* Products */ = {
			isa = PBXGroup;
			children = (
				8312BDAC26774A710054E632 /* MyTestApp.app */,
			);
			name = Products;
			sourceTree = "<group>";
		};
		8312BDAE26774A710054E632 /* MyTestApp */ = {
			isa = PBXGroup;
			children = (
				8312BDAF26774A710054E632 /* AppDelegate.swift */,
				8312BDB126774A710054E632 /* SceneDelegate.swift */,
				8312BDB526774A710054E632 /* Main.storyboard */,
				83CC0CA0267913AC00ECA81F /* ViewController.swift */,
				8312BDB826774A740054E632 /* Assets.xcassets */,
				8312BDBA26774A740054E632 /* LaunchScreen.storyboard */,
				8312BDBD26774A740054E632 /* Info.plist */,
			);
			path = MyTestApp;
			sourceTree = "<group>";
		};
		83B37188267B6C0400C3CDED /* Widgets */ = {
			isa = PBXGroup;
			children = (
				8334ABB5267C4F0A00BDFA70 /* Chapter.swift */,
				8334ABB7267C5C1E00BDFA70 /* Chapter.xib */,
			);
			path = Widgets;
			sourceTree = "<group>";
		};
		F666F55AAAC0767E0F84F245 /* Pods */ = {
			isa = PBXGroup;
			children = (
				BE634716BEAEAED7B62B8D9F /* Pods-MyTestApp.debug.xcconfig */,
				CDBA926F9BC1F4822DA99810 /* Pods-MyTestApp.release.xcconfig */,
			);
			path = Pods;
			sourceTree = "<group>";
		};
/* End PBXGroup section */

/* Begin PBXNativeTarget section */
		8312BDAB26774A710054E632 /* MyTestApp */ = {
			isa = PBXNativeTarget;
			buildConfigurationList = 8312BDC026774A750054E632 /* Build configuration list for PBXNativeTarget "MyTestApp" */;
			buildPhases = (
				3FC614E7E31552523199922C /* [CP] Check Pods Manifest.lock */,
				8312BDA826774A710054E632 /* Sources */,
				8312BDA926774A710054E632 /* Frameworks */,
				8312BDAA26774A710054E632 /* Resources */,
				0B28206A17BD344FF3B9264C /* [CP] Embed Pods Frameworks */,
			);
			buildRules = (
			);
			dependencies = (
			);
			name = MyTestApp;
			productName = MyTestApp;
			productReference = 8312BDAC26774A710054E632 /* MyTestApp.app */;
			productType = "com.apple.product-type.application";
		};
/* End PBXNativeTarget section */

/* Begin PBXProject section */
		8312BDA426774A710054E632 /* Project object */ = {
			isa = PBXProject;
			attributes = {
				LastSwiftUpdateCheck = 1250;
				LastUpgradeCheck = 1250;
				TargetAttributes = {
					8312BDAB26774A710054E632 = {
						CreatedOnToolsVersion = 12.5;
					};
				};
			};
			buildConfigurationList = 8312BDA726774A710054E632 /* Build configuration list for PBXProject "MyTestApp" */;
			compatibilityVersion = "Xcode 9.3";
			developmentRegion = en;
			hasScannedForEncodings = 0;
			knownRegions = (
				en,
				Base,
			);
			mainGroup = 8312BDA326774A710054E632;
			productRefGroup = 8312BDAD26774A710054E632 /* Products */;
			projectDirPath = "";
			projectRoot = "";
			targets = (
				8312BDAB26774A710054E632 /* MyTestApp */,
			);
		};
/* End PBXProject section */

/* Begin PBXResourcesBuildPhase section */
		8312BDAA26774A710054E632 /* Resources */ = {
			isa = PBXResourcesBuildPhase;
			buildActionMask = 2147483647;
			files = (
				8312BDBC26774A740054E632 /* LaunchScreen.storyboard in Resources */,
				8312BDB926774A740054E632 /* Assets.xcassets in Resources */,
				8312BDB726774A710054E632 /* Main.storyboard in Resources */,
				8334ABB8267C5C1E00BDFA70 /* Chapter.xib in Resources */,
			);
			runOnlyForDeploymentPostprocessing = 0;
		};
/* End PBXResourcesBuildPhase section */

/* Begin PBXShellScriptBuildPhase section */
		0B28206A17BD344FF3B9264C /* [CP] Embed Pods Frameworks */ = {
			isa = PBXShellScriptBuildPhase;
			buildActionMask = 2147483647;
			files = (
			);
			inputFileListPaths = (
				"${PODS_ROOT}/Target Support Files/Pods-MyTestApp/Pods-MyTestApp-frameworks-${CONFIGURATION}-input-files.xcfilelist",
			);
			name = "[CP] Embed Pods Frameworks";
			outputFileListPaths = (
				"${PODS_ROOT}/Target Support Files/Pods-MyTestApp/Pods-MyTestApp-frameworks-${CONFIGURATION}-output-files.xcfilelist",
			);
			runOnlyForDeploymentPostprocessing = 0;
			shellPath = /bin/sh;
			shellScript = "\"${PODS_ROOT}/Target Support Files/Pods-MyTestApp/Pods-MyTestApp-frameworks.sh\"\n";
			showEnvVarsInLog = 0;
		};
		3FC614E7E31552523199922C /* [CP] Check Pods Manifest.lock */ = {
			isa = PBXShellScriptBuildPhase;
			buildActionMask = 2147483647;
			files = (
			);
			inputFileListPaths = (
			);
			inputPaths = (
				"${PODS_PODFILE_DIR_PATH}/Podfile.lock",
				"${PODS_ROOT}/Manifest.lock",
			);
			name = "[CP] Check Pods Manifest.lock";
			outputFileListPaths = (
			);
			outputPaths = (
				"$(DERIVED_FILE_DIR)/Pods-MyTestApp-checkManifestLockResult.txt",
			);
			runOnlyForDeploymentPostprocessing = 0;
			shellPath = /bin/sh;
			shellScript = "diff \"${PODS_PODFILE_DIR_PATH}/Podfile.lock\" \"${PODS_ROOT}/Manifest.lock\" > /dev/null\nif [ $? != 0 ] ; then\n    # print error to STDERR\n    echo \"error: The sandbox is not in sync with the Podfile.lock. Run 'pod install' or update your CocoaPods installation.\" >&2\n    exit 1\nfi\n# This output is used by Xcode 'outputs' to avoid re-running this script phase.\necho \"SUCCESS\" > \"${SCRIPT_OUTPUT_FILE_0}\"\n";
			showEnvVarsInLog = 0;
		};
/* End PBXShellScriptBuildPhase section */

/* Begin PBXSourcesBuildPhase section */
		8312BDA826774A710054E632 /* Sources */ = {
			isa = PBXSourcesBuildPhase;
			buildActionMask = 2147483647;
			files = (
				8334ABB6267C4F0A00BDFA70 /* Chapter.swift in Sources */,
				8312BDB026774A710054E632 /* AppDelegate.swift in Sources */,
				83CC0CA1267913AC00ECA81F /* ViewController.swift in Sources */,
				8312BDB226774A710054E632 /* SceneDelegate.swift in Sources */,
			);
			runOnlyForDeploymentPostprocessing = 0;
		};
/* End PBXSourcesBuildPhase section */

/* Begin PBXVariantGroup section */
		8312BDB526774A710054E632 /* Main.storyboard */ = {
			isa = PBXVariantGroup;
			children = (
				8312BDB626774A710054E632 /* Base */,
			);
			name = Main.storyboard;
			sourceTree = "<group>";
		};
		8312BDBA26774A740054E632 /* LaunchScreen.storyboard */ = {
			isa = PBXVariantGroup;
			children = (
				8312BDBB26774A740054E632 /* Base */,
			);
			name = LaunchScreen.storyboard;
			sourceTree = "<group>";
		};
/* End PBXVariantGroup section */

/* Begin XCBuildConfiguration section */
		8312BDBE26774A740054E632 /* Debug */ = {
			isa = XCBuildConfiguration;
			buildSettings = {
				ALWAYS_SEARCH_USER_PATHS = NO;
				CLANG_ANALYZER_NONNULL = YES;
				CLANG_ANALYZER_NUMBER_OBJECT_CONVERSION = YES_AGGRESSIVE;
				CLANG_CXX_LANGUAGE_STANDARD = "gnu++14";
				CLANG_CXX_LIBRARY = "libc++";
				CLANG_ENABLE_MODULES = YES;
				CLANG_ENABLE_OBJC_ARC = YES;
				CLANG_ENABLE_OBJC_WEAK = YES;
				CLANG_WARN_BLOCK_CAPTURE_AUTORELEASING = YES;
				CLANG_WARN_BOOL_CONVERSION = YES;
				CLANG_WARN_COMMA = YES;
				CLANG_WARN_CONSTANT_CONVERSION = YES;
				CLANG_WARN_DEPRECATED_OBJC_IMPLEMENTATIONS = YES;
				CLANG_WARN_DIRECT_OBJC_ISA_USAGE = YES_ERROR;
				CLANG_WARN_DOCUMENTATION_COMMENTS = YES;
				CLANG_WARN_EMPTY_BODY = YES;
				CLANG_WARN_ENUM_CONVERSION = YES;
				CLANG_WARN_INFINITE_RECURSION = YES;
				CLANG_WARN_INT_CONVERSION = YES;
				CLANG_WARN_NON_LITERAL_NULL_CONVERSION = YES;
				CLANG_WARN_OBJC_IMPLICIT_RETAIN_SELF = YES;
				CLANG_WARN_OBJC_LITERAL_CONVERSION = YES;
				CLANG_WARN_OBJC_ROOT_CLASS = YES_ERROR;
				CLANG_WARN_QUOTED_INCLUDE_IN_FRAMEWORK_HEADER = YES;
				CLANG_WARN_RANGE_LOOP_ANALYSIS = YES;
				CLANG_WARN_STRICT_PROTOTYPES = YES;
				CLANG_WARN_SUSPICIOUS_MOVE = YES;
				CLANG_WARN_UNGUARDED_AVAILABILITY = YES_AGGRESSIVE;
				CLANG_WARN_UNREACHABLE_CODE = YES;
				CLANG_WARN__DUPLICATE_METHOD_MATCH = YES;
				COPY_PHASE_STRIP = NO;
				DEBUG_INFORMATION_FORMAT = dwarf;
				ENABLE_STRICT_OBJC_MSGSEND = YES;
				ENABLE_TESTABILITY = YES;
				GCC_C_LANGUAGE_STANDARD = gnu11;
				GCC_DYNAMIC_NO_PIC = NO;
				GCC_NO_COMMON_BLOCKS = YES;
				GCC_OPTIMIZATION_LEVEL = 0;
				GCC_PREPROCESSOR_DEFINITIONS = (
					"DEBUG=1",
					"$(inherited)",
				);
				GCC_WARN_64_TO_32_BIT_CONVERSION = YES;
				GCC_WARN_ABOUT_RETURN_TYPE = YES_ERROR;
				GCC_WARN_UNDECLARED_SELECTOR = YES;
				GCC_WARN_UNINITIALIZED_AUTOS = YES_AGGRESSIVE;
				GCC_WARN_UNUSED_FUNCTION = YES;
				GCC_WARN_UNUSED_VARIABLE = YES;
				IPHONEOS_DEPLOYMENT_TARGET = 14.5;
				MTL_ENABLE_DEBUG_INFO = INCLUDE_SOURCE;
				MTL_FAST_MATH = YES;
				ONLY_ACTIVE_ARCH = YES;
				SDKROOT = iphoneos;
				SWIFT_ACTIVE_COMPILATION_CONDITIONS = DEBUG;
				SWIFT_OPTIMIZATION_LEVEL = "-Onone";
			};
			name = Debug;
		};
		8312BDBF26774A740054E632 /* Release */ = {
			isa = XCBuildConfiguration;
			buildSettings = {
				ALWAYS_SEARCH_USER_PATHS = NO;
				CLANG_ANALYZER_NONNULL = YES;
				CLANG_ANALYZER_NUMBER_OBJECT_CONVERSION = YES_AGGRESSIVE;
				CLANG_CXX_LANGUAGE_STANDARD = "gnu++14";
				CLANG_CXX_LIBRARY = "libc++";
				CLANG_ENABLE_MODULES = YES;
				CLANG_ENABLE_OBJC_ARC = YES;
				CLANG_ENABLE_OBJC_WEAK = YES;
				CLANG_WARN_BLOCK_CAPTURE_AUTORELEASING = YES;
				CLANG_WARN_BOOL_CONVERSION = YES;
				CLANG_WARN_COMMA = YES;
				CLANG_WARN_CONSTANT_CONVERSION = YES;
				CLANG_WARN_DEPRECATED_OBJC_IMPLEMENTATIONS = YES;
				CLANG_WARN_DIRECT_OBJC_ISA_USAGE = YES_ERROR;
				CLANG_WARN_DOCUMENTATION_COMMENTS = YES;
				CLANG_WARN_EMPTY_BODY = YES;
				CLANG_WARN_ENUM_CONVERSION = YES;
				CLANG_WARN_INFINITE_RECURSION = YES;
				CLANG_WARN_INT_CONVERSION = YES;
				CLANG_WARN_NON_LITERAL_NULL_CONVERSION = YES;
				CLANG_WARN_OBJC_IMPLICIT_RETAIN_SELF = YES;
				CLANG_WARN_OBJC_LITERAL_CONVERSION = YES;
				CLANG_WARN_OBJC_ROOT_CLASS = YES_ERROR;
				CLANG_WARN_QUOTED_INCLUDE_IN_FRAMEWORK_HEADER = YES;
				CLANG_WARN_RANGE_LOOP_ANALYSIS = YES;
				CLANG_WARN_STRICT_PROTOTYPES = YES;
				CLANG_WARN_SUSPICIOUS_MOVE = YES;
				CLANG_WARN_UNGUARDED_AVAILABILITY = YES_AGGRESSIVE;
				CLANG_WARN_UNREACHABLE_CODE = YES;
				CLANG_WARN__DUPLICATE_METHOD_MATCH = YES;
				COPY_PHASE_STRIP = NO;
				DEBUG_INFORMATION_FORMAT = "dwarf-with-dsym";
				ENABLE_NS_ASSERTIONS = NO;
				ENABLE_STRICT_OBJC_MSGSEND = YES;
				GCC_C_LANGUAGE_STANDARD = gnu11;
				GCC_NO_COMMON_BLOCKS = YES;
				GCC_WARN_64_TO_32_BIT_CONVERSION = YES;
				GCC_WARN_ABOUT_RETURN_TYPE = YES_ERROR;
				GCC_WARN_UNDECLARED_SELECTOR = YES;
				GCC_WARN_UNINITIALIZED_AUTOS = YES_AGGRESSIVE;
				GCC_WARN_UNUSED_FUNCTION = YES;
				GCC_WARN_UNUSED_VARIABLE = YES;
				IPHONEOS_DEPLOYMENT_TARGET = 14.5;
				MTL_ENABLE_DEBUG_INFO = NO;
				MTL_FAST_MATH = YES;
				SDKROOT = iphoneos;
				SWIFT_COMPILATION_MODE = wholemodule;
				SWIFT_OPTIMIZATION_LEVEL = "-O";
				VALIDATE_PRODUCT = YES;
			};
			name = Release;
		};
		8312BDC126774A750054E632 /* Debug */ = {
			isa = XCBuildConfiguration;
			baseConfigurationReference = BE634716BEAEAED7B62B8D9F /* Pods-MyTestApp.debug.xcconfig */;
			buildSettings = {
				ASSETCATALOG_COMPILER_APPICON_NAME = AppIcon;
				ASSETCATALOG_COMPILER_GLOBAL_ACCENT_COLOR_NAME = AccentColor;
				CODE_SIGN_STYLE = Automatic;
				DEVELOPMENT_TEAM = T264893398;
				INFOPLIST_FILE = MyTestApp/Info.plist;
				LD_RUNPATH_SEARCH_PATHS = (
					"$(inherited)",
					"@executable_path/Frameworks",
				);
				PRODUCT_BUNDLE_IDENTIFIER = ru.swiftbookk.MyTestApp;
				PRODUCT_NAME = "$(TARGET_NAME)";
				SWIFT_VERSION = 5.0;
				TARGETED_DEVICE_FAMILY = "1,2";
			};
			name = Debug;
		};
		8312BDC226774A750054E632 /* Release */ = {
			isa = XCBuildConfiguration;
			baseConfigurationReference = CDBA926F9BC1F4822DA99810 /* Pods-MyTestApp.release.xcconfig */;
			buildSettings = {
				ASSETCATALOG_COMPILER_APPICON_NAME = AppIcon;
				ASSETCATALOG_COMPILER_GLOBAL_ACCENT_COLOR_NAME = AccentColor;
				CODE_SIGN_STYLE = Automatic;
				DEVELOPMENT_TEAM = T264893398;
				INFOPLIST_FILE = MyTestApp/Info.plist;
				LD_RUNPATH_SEARCH_PATHS = (
					"$(inherited)",
					"@executable_path/Frameworks",
				);
				PRODUCT_BUNDLE_IDENTIFIER = ru.swiftbookk.MyTestApp;
				PRODUCT_NAME = "$(TARGET_NAME)";
				SWIFT_VERSION = 5.0;
				TARGETED_DEVICE_FAMILY = "1,2";
			};
			name = Release;
		};
/* End XCBuildConfiguration section */

/* Begin XCConfigurationList section */
		8312BDA726774A710054E632 /* Build configuration list for PBXProject "MyTestApp" */ = {
			isa = XCConfigurationList;
			buildConfigurations = (
				8312BDBE26774A740054E632 /* Debug */,
				8312BDBF26774A740054E632 /* Release */,
			);
			defaultConfigurationIsVisible = 0;
			defaultConfigurationName = Release;
		};
		8312BDC026774A750054E632 /* Build configuration list for PBXNativeTarget "MyTestApp" */ = {
			isa = XCConfigurationList;
			buildConfigurations = (
				8312BDC126774A750054E632 /* Debug */,
				8312BDC226774A750054E632 /* Release */,
			);
			defaultConfigurationIsVisible = 0;
			defaultConfigurationName = Release;
		};
/* End XCConfigurationList section */
	};
	rootObject = 8312BDA426774A710054E632 /* Project object */;
}
